// !$*UTF8*$!
{
	archiveVersion = 1;
	classes = {
	};
	objectVersion = 50;
	objects = {

/* Begin PBXBuildFile section */
		FF392D2E259B78AF00F59633 /* CardModel.swift in Sources */ = {isa = PBXBuildFile; fileRef = FF392D2D259B78AF00F59633 /* CardModel.swift */; };
		FF392D31259B79DD00F59633 /* CardData.swift in Sources */ = {isa = PBXBuildFile; fileRef = FF392D30259B79DD00F59633 /* CardData.swift */; };
		FF392D34259B817800F59633 /* sound-chime.mp3 in Resources */ = {isa = PBXBuildFile; fileRef = FF392D33259B817800F59633 /* sound-chime.mp3 */; };
		FF392D37259B818C00F59633 /* PlaySound.swift in Sources */ = {isa = PBXBuildFile; fileRef = FF392D36259B818C00F59633 /* PlaySound.swift */; };
		FF392D3E259CC63E00F59633 /* Stickers.xcassets in Resources */ = {isa = PBXBuildFile; fileRef = FF392D3D259CC63E00F59633 /* Stickers.xcassets */; };
		FF392D42259CC63F00F59633 /* Stickers.appex in Embed App Extensions */ = {isa = PBXBuildFile; fileRef = FF392D3B259CC63B00F59633 /* Stickers.appex */; settings = {ATTRIBUTES = (RemoveHeadersOnCopy, ); }; };
		FF8CB44E2598BC830076300A /* challenge_yourselfApp.swift in Sources */ = {isa = PBXBuildFile; fileRef = FF8CB44D2598BC830076300A /* challenge_yourselfApp.swift */; };
		FF8CB4502598BC830076300A /* ContentView.swift in Sources */ = {isa = PBXBuildFile; fileRef = FF8CB44F2598BC830076300A /* ContentView.swift */; };
		FF8CB4522598BC860076300A /* Assets.xcassets in Resources */ = {isa = PBXBuildFile; fileRef = FF8CB4512598BC860076300A /* Assets.xcassets */; };
		FF8CB4552598BC860076300A /* Preview Assets.xcassets in Resources */ = {isa = PBXBuildFile; fileRef = FF8CB4542598BC860076300A /* Preview Assets.xcassets */; };
		FF8CB45E259A1E540076300A /* CardView.swift in Sources */ = {isa = PBXBuildFile; fileRef = FF8CB45D259A1E530076300A /* CardView.swift */; };
/* End PBXBuildFile section */

/* Begin PBXContainerItemProxy section */
		FF392D40259CC63F00F59633 /* PBXContainerItemProxy */ = {
			isa = PBXContainerItemProxy;
			containerPortal = FF8CB4422598BC830076300A /* Project object */;
			proxyType = 1;
			remoteGlobalIDString = FF392D3A259CC63B00F59633;
			remoteInfo = Stickers;
		};
/* End PBXContainerItemProxy section */

/* Begin PBXCopyFilesBuildPhase section */
		FF392D46259CC63F00F59633 /* Embed App Extensions */ = {
			isa = PBXCopyFilesBuildPhase;
			buildActionMask = 2147483647;
			dstPath = "";
			dstSubfolderSpec = 13;
			files = (
				FF392D42259CC63F00F59633 /* Stickers.appex in Embed App Extensions */,
			);
			name = "Embed App Extensions";
			runOnlyForDeploymentPostprocessing = 0;
		};
/* End PBXCopyFilesBuildPhase section */

/* Begin PBXFileReference section */
		FF392D2D259B78AF00F59633 /* CardModel.swift */ = {isa = PBXFileReference; lastKnownFileType = sourcecode.swift; path = CardModel.swift; sourceTree = "<group>"; };
		FF392D30259B79DD00F59633 /* CardData.swift */ = {isa = PBXFileReference; lastKnownFileType = sourcecode.swift; path = CardData.swift; sourceTree = "<group>"; };
		FF392D33259B817800F59633 /* sound-chime.mp3 */ = {isa = PBXFileReference; lastKnownFileType = audio.mp3; path = "sound-chime.mp3"; sourceTree = "<group>"; };
		FF392D36259B818C00F59633 /* PlaySound.swift */ = {isa = PBXFileReference; lastKnownFileType = sourcecode.swift; path = PlaySound.swift; sourceTree = "<group>"; };
		FF392D3B259CC63B00F59633 /* Stickers.appex */ = {isa = PBXFileReference; explicitFileType = "wrapper.app-extension"; includeInIndex = 0; path = Stickers.appex; sourceTree = BUILT_PRODUCTS_DIR; };
		FF392D3D259CC63E00F59633 /* Stickers.xcassets */ = {isa = PBXFileReference; lastKnownFileType = folder.assetcatalog; path = Stickers.xcassets; sourceTree = "<group>"; };
		FF392D3F259CC63F00F59633 /* Info.plist */ = {isa = PBXFileReference; lastKnownFileType = text.plist.xml; path = Info.plist; sourceTree = "<group>"; };
		FF8CB44A2598BC830076300A /* challenge_yourself.app */ = {isa = PBXFileReference; explicitFileType = wrapper.application; includeInIndex = 0; path = challenge_yourself.app; sourceTree = BUILT_PRODUCTS_DIR; };
		FF8CB44D2598BC830076300A /* challenge_yourselfApp.swift */ = {isa = PBXFileReference; lastKnownFileType = sourcecode.swift; path = challenge_yourselfApp.swift; sourceTree = "<group>"; };
		FF8CB44F2598BC830076300A /* ContentView.swift */ = {isa = PBXFileReference; lastKnownFileType = sourcecode.swift; path = ContentView.swift; sourceTree = "<group>"; };
		FF8CB4512598BC860076300A /* Assets.xcassets */ = {isa = PBXFileReference; lastKnownFileType = folder.assetcatalog; path = Assets.xcassets; sourceTree = "<group>"; };
		FF8CB4542598BC860076300A /* Preview Assets.xcassets */ = {isa = PBXFileReference; lastKnownFileType = folder.assetcatalog; path = "Preview Assets.xcassets"; sourceTree = "<group>"; };
		FF8CB4562598BC860076300A /* Info.plist */ = {isa = PBXFileReference; lastKnownFileType = text.plist.xml; path = Info.plist; sourceTree = "<group>"; };
		FF8CB45D259A1E530076300A /* CardView.swift */ = {isa = PBXFileReference; lastKnownFileType = sourcecode.swift; path = CardView.swift; sourceTree = "<group>"; };
/* End PBXFileReference section */

/* Begin PBXFrameworksBuildPhase section */
		FF8CB4472598BC830076300A /* Frameworks */ = {
			isa = PBXFrameworksBuildPhase;
			buildActionMask = 2147483647;
			files = (
			);
			runOnlyForDeploymentPostprocessing = 0;
		};
/* End PBXFrameworksBuildPhase section */

/* Begin PBXGroup section */
		FF392D3C259CC63B00F59633 /* Stickers */ = {
			isa = PBXGroup;
			children = (
				FF392D3D259CC63E00F59633 /* Stickers.xcassets */,
				FF392D3F259CC63F00F59633 /* Info.plist */,
			);
			path = Stickers;
			sourceTree = "<group>";
		};
		FF8CB4412598BC830076300A = {
			isa = PBXGroup;
			children = (
				FF8CB44C2598BC830076300A /* challenge_yourself */,
				FF392D3C259CC63B00F59633 /* Stickers */,
				FF8CB44B2598BC830076300A /* Products */,
			);
			sourceTree = "<group>";
		};
		FF8CB44B2598BC830076300A /* Products */ = {
			isa = PBXGroup;
			children = (
				FF8CB44A2598BC830076300A /* challenge_yourself.app */,
				FF392D3B259CC63B00F59633 /* Stickers.appex */,
			);
			name = Products;
			sourceTree = "<group>";
		};
		FF8CB44C2598BC830076300A /* challenge_yourself */ = {
			isa = PBXGroup;
			children = (
				FF392D33259B817800F59633 /* sound-chime.mp3 */,
				FF8CB44D2598BC830076300A /* challenge_yourselfApp.swift */,
				FF8CB44F2598BC830076300A /* ContentView.swift */,
				FF8CB45D259A1E530076300A /* CardView.swift */,
				FF8CB4512598BC860076300A /* Assets.xcassets */,
				FF8CB4562598BC860076300A /* Info.plist */,
				FF8CB4532598BC860076300A /* Preview Content */,
				FF392D2D259B78AF00F59633 /* CardModel.swift */,
				FF392D30259B79DD00F59633 /* CardData.swift */,
				FF392D36259B818C00F59633 /* PlaySound.swift */,
			);
			path = challenge_yourself;
			sourceTree = "<group>";
		};
		FF8CB4532598BC860076300A /* Preview Content */ = {
			isa = PBXGroup;
			children = (
				FF8CB4542598BC860076300A /* Preview Assets.xcassets */,
			);
			path = "Preview Content";
			sourceTree = "<group>";
		};
/* End PBXGroup section */

/* Begin PBXNativeTarget section */
		FF392D3A259CC63B00F59633 /* Stickers */ = {
			isa = PBXNativeTarget;
			buildConfigurationList = FF392D43259CC63F00F59633 /* Build configuration list for PBXNativeTarget "Stickers" */;
			buildPhases = (
				FF392D39259CC63B00F59633 /* Resources */,
			);
			buildRules = (
			);
			dependencies = (
			);
			name = Stickers;
			productName = Stickers;
			productReference = FF392D3B259CC63B00F59633 /* Stickers.appex */;
			productType = "com.apple.product-type.app-extension.messages-sticker-pack";
		};
		FF8CB4492598BC830076300A /* challenge_yourself */ = {
			isa = PBXNativeTarget;
			buildConfigurationList = FF8CB4592598BC860076300A /* Build configuration list for PBXNativeTarget "challenge_yourself" */;
			buildPhases = (
				FF8CB4462598BC830076300A /* Sources */,
				FF8CB4472598BC830076300A /* Frameworks */,
				FF8CB4482598BC830076300A /* Resources */,
				FF392D46259CC63F00F59633 /* Embed App Extensions */,
			);
			buildRules = (
			);
			dependencies = (
				FF392D41259CC63F00F59633 /* PBXTargetDependency */,
			);
			name = challenge_yourself;
			productName = challenge_yourself;
			productReference = FF8CB44A2598BC830076300A /* challenge_yourself.app */;
			productType = "com.apple.product-type.application";
		};
/* End PBXNativeTarget section */

/* Begin PBXProject section */
		FF8CB4422598BC830076300A /* Project object */ = {
			isa = PBXProject;
			attributes = {
				LastSwiftUpdateCheck = 1230;
				LastUpgradeCheck = 1230;
				TargetAttributes = {
					FF392D3A259CC63B00F59633 = {
						CreatedOnToolsVersion = 12.3;
					};
					FF8CB4492598BC830076300A = {
						CreatedOnToolsVersion = 12.3;
					};
				};
			};
			buildConfigurationList = FF8CB4452598BC830076300A /* Build configuration list for PBXProject "challenge_yourself" */;
			compatibilityVersion = "Xcode 9.3";
			developmentRegion = en;
			hasScannedForEncodings = 0;
			knownRegions = (
				en,
				Base,
			);
			mainGroup = FF8CB4412598BC830076300A;
			productRefGroup = FF8CB44B2598BC830076300A /* Products */;
			projectDirPath = "";
			projectRoot = "";
			targets = (
				FF8CB4492598BC830076300A /* challenge_yourself */,
				FF392D3A259CC63B00F59633 /* Stickers */,
			);
		};
/* End PBXProject section */

/* Begin PBXResourcesBuildPhase section */
		FF392D39259CC63B00F59633 /* Resources */ = {
			isa = PBXResourcesBuildPhase;
			buildActionMask = 2147483647;
			files = (
				FF392D3E259CC63E00F59633 /* Stickers.xcassets in Resources */,
			);
			runOnlyForDeploymentPostprocessing = 0;
		};
		FF8CB4482598BC830076300A /* Resources */ = {
			isa = PBXResourcesBuildPhase;
			buildActionMask = 2147483647;
			files = (
				FF8CB4552598BC860076300A /* Preview Assets.xcassets in Resources */,
				FF392D34259B817800F59633 /* sound-chime.mp3 in Resources */,
				FF8CB4522598BC860076300A /* Assets.xcassets in Resources */,
			);
			runOnlyForDeploymentPostprocessing = 0;
		};
/* End PBXResourcesBuildPhase section */

/* Begin PBXSourcesBuildPhase section */
		FF8CB4462598BC830076300A /* Sources */ = {
			isa = PBXSourcesBuildPhase;
			buildActionMask = 2147483647;
			files = (
				FF392D31259B79DD00F59633 /* CardData.swift in Sources */,
				FF392D37259B818C00F59633 /* PlaySound.swift in Sources */,
				FF8CB4502598BC830076300A /* ContentView.swift in Sources */,
				FF392D2E259B78AF00F59633 /* CardModel.swift in Sources */,
				FF8CB45E259A1E540076300A /* CardView.swift in Sources */,
				FF8CB44E2598BC830076300A /* challenge_yourselfApp.swift in Sources */,
			);
			runOnlyForDeploymentPostprocessing = 0;
		};
/* End PBXSourcesBuildPhase section */

/* Begin PBXTargetDependency section */
		FF392D41259CC63F00F59633 /* PBXTargetDependency */ = {
			isa = PBXTargetDependency;
			target = FF392D3A259CC63B00F59633 /* Stickers */;
			targetProxy = FF392D40259CC63F00F59633 /* PBXContainerItemProxy */;
		};
/* End PBXTargetDependency section */

/* Begin XCBuildConfiguration section */
		FF392D44259CC63F00F59633 /* Debug */ = {
			isa = XCBuildConfiguration;
			buildSettings = {
				ASSETCATALOG_COMPILER_APPICON_NAME = "iMessage App Icon";
				CODE_SIGN_STYLE = Automatic;
				DEVELOPMENT_TEAM = Y7P7VH7LX5;
				INFOPLIST_FILE = Stickers/Info.plist;
				IPHONEOS_DEPLOYMENT_TARGET = 10.0;
				PRODUCT_BUNDLE_IDENTIFIER = "tientranzt.github.com.challenge-yourself.Stickers";
				PRODUCT_NAME = "$(TARGET_NAME)";
				SKIP_INSTALL = YES;
				TARGETED_DEVICE_FAMILY = "1,2";
			};
			name = Debug;
		};
		FF392D45259CC63F00F59633 /* Release */ = {
			isa = XCBuildConfiguration;
			buildSettings = {
				ASSETCATALOG_COMPILER_APPICON_NAME = "iMessage App Icon";
				CODE_SIGN_STYLE = Automatic;
				DEVELOPMENT_TEAM = Y7P7VH7LX5;
				INFOPLIST_FILE = Stickers/Info.plist;
				IPHONEOS_DEPLOYMENT_TARGET = 10.0;
				PRODUCT_BUNDLE_IDENTIFIER = "tientranzt.github.com.challenge-yourself.Stickers";
				PRODUCT_NAME = "$(TARGET_NAME)";
				SKIP_INSTALL = YES;
				TARGETED_DEVICE_FAMILY = "1,2";
			};
			name = Release;
		};
		FF8CB4572598BC860076300A /* Debug */ = {
			isa = XCBuildConfiguration;
			buildSettings = {
				ALWAYS_SEARCH_USER_PATHS = NO;
				CLANG_ANALYZER_NONNULL = YES;
				CLANG_ANALYZER_NUMBER_OBJECT_CONVERSION = YES_AGGRESSIVE;
				CLANG_CXX_LANGUAGE_STANDARD = "gnu++14";
				CLANG_CXX_LIBRARY = "libc++";
				CLANG_ENABLE_MODULES = YES;
				CLANG_ENABLE_OBJC_ARC = YES;
				CLANG_ENABLE_OBJC_WEAK = YES;
				CLANG_WARN_BLOCK_CAPTURE_AUTORELEASING = YES;
				CLANG_WARN_BOOL_CONVERSION = YES;
				CLANG_WARN_COMMA = YES;
				CLANG_WARN_CONSTANT_CONVERSION = YES;
				CLANG_WARN_DEPRECATED_OBJC_IMPLEMENTATIONS = YES;
				CLANG_WARN_DIRECT_OBJC_ISA_USAGE = YES_ERROR;
				CLANG_WARN_DOCUMENTATION_COMMENTS = YES;
				CLANG_WARN_EMPTY_BODY = YES;
				CLANG_WARN_ENUM_CONVERSION = YES;
				CLANG_WARN_INFINITE_RECURSION = YES;
				CLANG_WARN_INT_CONVERSION = YES;
				CLANG_WARN_NON_LITERAL_NULL_CONVERSION = YES;
				CLANG_WARN_OBJC_IMPLICIT_RETAIN_SELF = YES;
				CLANG_WARN_OBJC_LITERAL_CONVERSION = YES;
				CLANG_WARN_OBJC_ROOT_CLASS = YES_ERROR;
				CLANG_WARN_QUOTED_INCLUDE_IN_FRAMEWORK_HEADER = YES;
				CLANG_WARN_RANGE_LOOP_ANALYSIS = YES;
				CLANG_WARN_STRICT_PROTOTYPES = YES;
				CLANG_WARN_SUSPICIOUS_MOVE = YES;
				CLANG_WARN_UNGUARDED_AVAILABILITY = YES_AGGRESSIVE;
				CLANG_WARN_UNREACHABLE_CODE = YES;
				CLANG_WARN__DUPLICATE_METHOD_MATCH = YES;
				COPY_PHASE_STRIP = NO;
				DEBUG_INFORMATION_FORMAT = dwarf;
				ENABLE_STRICT_OBJC_MSGSEND = YES;
				ENABLE_TESTABILITY = YES;
				GCC_C_LANGUAGE_STANDARD = gnu11;
				GCC_DYNAMIC_NO_PIC = NO;
				GCC_NO_COMMON_BLOCKS = YES;
				GCC_OPTIMIZATION_LEVEL = 0;
				GCC_PREPROCESSOR_DEFINITIONS = (
					"DEBUG=1",
					"$(inherited)",
				);
				GCC_WARN_64_TO_32_BIT_CONVERSION = YES;
				GCC_WARN_ABOUT_RETURN_TYPE = YES_ERROR;
				GCC_WARN_UNDECLARED_SELECTOR = YES;
				GCC_WARN_UNINITIALIZED_AUTOS = YES_AGGRESSIVE;
				GCC_WARN_UNUSED_FUNCTION = YES;
				GCC_WARN_UNUSED_VARIABLE = YES;
				IPHONEOS_DEPLOYMENT_TARGET = 14.3;
				MTL_ENABLE_DEBUG_INFO = INCLUDE_SOURCE;
				MTL_FAST_MATH = YES;
				ONLY_ACTIVE_ARCH = YES;
				SDKROOT = iphoneos;
				SWIFT_ACTIVE_COMPILATION_CONDITIONS = DEBUG;
				SWIFT_OPTIMIZATION_LEVEL = "-Onone";
			};
			name = Debug;
		};
		FF8CB4582598BC860076300A /* Release */ = {
			isa = XCBuildConfiguration;
			buildSettings = {
				ALWAYS_SEARCH_USER_PATHS = NO;
				CLANG_ANALYZER_NONNULL = YES;
				CLANG_ANALYZER_NUMBER_OBJECT_CONVERSION = YES_AGGRESSIVE;
				CLANG_CXX_LANGUAGE_STANDARD = "gnu++14";
				CLANG_CXX_LIBRARY = "libc++";
				CLANG_ENABLE_MODULES = YES;
				CLANG_ENABLE_OBJC_ARC = YES;
				CLANG_ENABLE_OBJC_WEAK = YES;
				CLANG_WARN_BLOCK_CAPTURE_AUTORELEASING = YES;
				CLANG_WARN_BOOL_CONVERSION = YES;
				CLANG_WARN_COMMA = YES;
				CLANG_WARN_CONSTANT_CONVERSION = YES;
				CLANG_WARN_DEPRECATED_OBJC_IMPLEMENTATIONS = YES;
				CLANG_WARN_DIRECT_OBJC_ISA_USAGE = YES_ERROR;
				CLANG_WARN_DOCUMENTATION_COMMENTS = YES;
				CLANG_WARN_EMPTY_BODY = YES;
				CLANG_WARN_ENUM_CONVERSION = YES;
				CLANG_WARN_INFINITE_RECURSION = YES;
				CLANG_WARN_INT_CONVERSION = YES;
				CLANG_WARN_NON_LITERAL_NULL_CONVERSION = YES;
				CLANG_WARN_OBJC_IMPLICIT_RETAIN_SELF = YES;
				CLANG_WARN_OBJC_LITERAL_CONVERSION = YES;
				CLANG_WARN_OBJC_ROOT_CLASS = YES_ERROR;
				CLANG_WARN_QUOTED_INCLUDE_IN_FRAMEWORK_HEADER = YES;
				CLANG_WARN_RANGE_LOOP_ANALYSIS = YES;
				CLANG_WARN_STRICT_PROTOTYPES = YES;
				CLANG_WARN_SUSPICIOUS_MOVE = YES;
				CLANG_WARN_UNGUARDED_AVAILABILITY = YES_AGGRESSIVE;
				CLANG_WARN_UNREACHABLE_CODE = YES;
				CLANG_WARN__DUPLICATE_METHOD_MATCH = YES;
				COPY_PHASE_STRIP = NO;
				DEBUG_INFORMATION_FORMAT = "dwarf-with-dsym";
				ENABLE_NS_ASSERTIONS = NO;
				ENABLE_STRICT_OBJC_MSGSEND = YES;
				GCC_C_LANGUAGE_STANDARD = gnu11;
				GCC_NO_COMMON_BLOCKS = YES;
				GCC_WARN_64_TO_32_BIT_CONVERSION = YES;
				GCC_WARN_ABOUT_RETURN_TYPE = YES_ERROR;
				GCC_WARN_UNDECLARED_SELECTOR = YES;
				GCC_WARN_UNINITIALIZED_AUTOS = YES_AGGRESSIVE;
				GCC_WARN_UNUSED_FUNCTION = YES;
				GCC_WARN_UNUSED_VARIABLE = YES;
				IPHONEOS_DEPLOYMENT_TARGET = 14.3;
				MTL_ENABLE_DEBUG_INFO = NO;
				MTL_FAST_MATH = YES;
				SDKROOT = iphoneos;
				SWIFT_COMPILATION_MODE = wholemodule;
				SWIFT_OPTIMIZATION_LEVEL = "-O";
				VALIDATE_PRODUCT = YES;
			};
			name = Release;
		};
		FF8CB45A2598BC860076300A /* Debug */ = {
			isa = XCBuildConfiguration;
			buildSettings = {
				ASSETCATALOG_COMPILER_APPICON_NAME = AppIcon;
				ASSETCATALOG_COMPILER_GLOBAL_ACCENT_COLOR_NAME = AccentColor;
				CODE_SIGN_STYLE = Automatic;
				DEVELOPMENT_ASSET_PATHS = "\"challenge_yourself/Preview Content\"";
				DEVELOPMENT_TEAM = Y7P7VH7LX5;
				ENABLE_PREVIEWS = YES;
				INFOPLIST_FILE = challenge_yourself/Info.plist;
				IPHONEOS_DEPLOYMENT_TARGET = 14.0;
				LD_RUNPATH_SEARCH_PATHS = (
					"$(inherited)",
					"@executable_path/Frameworks",
				);
				PRODUCT_BUNDLE_IDENTIFIER = "tientranzt.github.com.challenge-yourself";
				PRODUCT_NAME = "$(TARGET_NAME)";
				SWIFT_VERSION = 5.0;
				TARGETED_DEVICE_FAMILY = "1,2";
			};
			name = Debug;
		};
		FF8CB45B2598BC860076300A /* Release */ = {
			isa = XCBuildConfiguration;
			buildSettings = {
				ASSETCATALOG_COMPILER_APPICON_NAME = AppIcon;
				ASSETCATALOG_COMPILER_GLOBAL_ACCENT_COLOR_NAME = AccentColor;
				CODE_SIGN_STYLE = Automatic;
				DEVELOPMENT_ASSET_PATHS = "\"challenge_yourself/Preview Content\"";
				DEVELOPMENT_TEAM = Y7P7VH7LX5;
				ENABLE_PREVIEWS = YES;
				INFOPLIST_FILE = challenge_yourself/Info.plist;
				IPHONEOS_DEPLOYMENT_TARGET = 14.0;
				LD_RUNPATH_SEARCH_PATHS = (
					"$(inherited)",
					"@executable_path/Frameworks",
				);
				PRODUCT_BUNDLE_IDENTIFIER = "tientranzt.github.com.challenge-yourself";
				PRODUCT_NAME = "$(TARGET_NAME)";
				SWIFT_VERSION = 5.0;
				TARGETED_DEVICE_FAMILY = "1,2";
			};
			name = Release;
		};
/* End XCBuildConfiguration section */

/* Begin XCConfigurationList section */
		FF392D43259CC63F00F59633 /* Build configuration list for PBXNativeTarget "Stickers" */ = {
			isa = XCConfigurationList;
			buildConfigurations = (
				FF392D44259CC63F00F59633 /* Debug */,
				FF392D45259CC63F00F59633 /* Release */,
			);
			defaultConfigurationIsVisible = 0;
			defaultConfigurationName = Release;
		};
		FF8CB4452598BC830076300A /* Build configuration list for PBXProject "challenge_yourself" */ = {
			isa = XCConfigurationList;
			buildConfigurations = (
				FF8CB4572598BC860076300A /* Debug */,
				FF8CB4582598BC860076300A /* Release */,
			);
			defaultConfigurationIsVisible = 0;
			defaultConfigurationName = Release;
		};
		FF8CB4592598BC860076300A /* Build configuration list for PBXNativeTarget "challenge_yourself" */ = {
			isa = XCConfigurationList;
			buildConfigurations = (
				FF8CB45A2598BC860076300A /* Debug */,
				FF8CB45B2598BC860076300A /* Release */,
			);
			defaultConfigurationIsVisible = 0;
			defaultConfigurationName = Release;
		};
/* End XCConfigurationList section */
	};
	rootObject = FF8CB4422598BC830076300A /* Project object */;
}
